
Microsoft Visual Studio Solution File, Format Version 12.00
# Visual Studio Version 16
VisualStudioVersion = 16.0.30621.155
MinimumVisualStudioVersion = 10.0.40219.1
Project("{FAE04EC0-301F-11D3-BF4B-00C04F79EFBC}") = "EmployeePayrollMultithreading", "EmployeePayrollMultithreading\EmployeePayrollMultithreading.csproj", "{51A6DDB5-C2EE-433C-BB85-DB361AAC3A7A}"
EndProject
Project("{FAE04EC0-301F-11D3-BF4B-00C04F79EFBC}") = "EmployeePayrollUnitTestProject", "EmployeePayrollUnitTestProject\EmployeePayrollUnitTestProject.csproj", "{0B7A9712-11AC-4EDE-AB7C-C83DA25AF678}"
EndProject
Global
	GlobalSection(SolutionConfigurationPlatforms) = preSolution
		Debug|Any CPU = Debug|Any CPU
		Release|Any CPU = Release|Any CPU
	EndGlobalSection
	GlobalSection(ProjectConfigurationPlatforms) = postSolution
		{51A6DDB5-C2EE-433C-BB85-DB361AAC3A7A}.Debug|Any CPU.ActiveCfg = Debug|Any CPU
		{51A6DDB5-C2EE-433C-BB85-DB361AAC3A7A}.Debug|Any CPU.Build.0 = Debug|Any CPU
		{51A6DDB5-C2EE-433C-BB85-DB361AAC3A7A}.Release|Any CPU.ActiveCfg = Release|Any CPU
		{51A6DDB5-C2EE-433C-BB85-DB361AAC3A7A}.Release|Any CPU.Build.0 = Release|Any CPU
		{0B7A9712-11AC-4EDE-AB7C-C83DA25AF678}.Debug|Any CPU.ActiveCfg = Debug|Any CPU
		{0B7A9712-11AC-4EDE-AB7C-C83DA25AF678}.Debug|Any CPU.Build.0 = Debug|Any CPU
		{0B7A9712-11AC-4EDE-AB7C-C83DA25AF678}.Release|Any CPU.ActiveCfg = Release|Any CPU
		{0B7A9712-11AC-4EDE-AB7C-C83DA25AF678}.Release|Any CPU.Build.0 = Release|Any CPU
	EndGlobalSection
	GlobalSection(SolutionProperties) = preSolution
		HideSolutionNode = FALSE
	EndGlobalSection
	GlobalSection(ExtensibilityGlobals) = postSolution
		SolutionGuid = {AEC23490-62E0-4E61-AD13-4576B680BDA1}
	EndGlobalSection
EndGlobal
